
Microsoft Visual Studio Solution File, Format Version 12.00
# Visual Studio Version 17
VisualStudioVersion = 17.11.35222.181
MinimumVisualStudioVersion = 10.0.40219.1
Project("{FAE04EC0-301F-11D3-BF4B-00C04F79EFBC}") = "Contactly", "Contactly\Contactly.csproj", "{E6F88F2A-3713-4AC5-B028-AD7C6AB53105}"
EndProject
Global
	GlobalSection(SolutionConfigurationPlatforms) = preSolution
		Debug|Any CPU = Debug|Any CPU
		Release|Any CPU = Release|Any CPU
	EndGlobalSection
	GlobalSection(ProjectConfigurationPlatforms) = postSolution
		{E6F88F2A-3713-4AC5-B028-AD7C6AB53105}.Debug|Any CPU.ActiveCfg = Debug|Any CPU
		{E6F88F2A-3713-4AC5-B028-AD7C6AB53105}.Debug|Any CPU.Build.0 = Debug|Any CPU
		{E6F88F2A-3713-4AC5-B028-AD7C6AB53105}.Release|Any CPU.ActiveCfg = Release|Any CPU
		{E6F88F2A-3713-4AC5-B028-AD7C6AB53105}.Release|Any CPU.Build.0 = Release|Any CPU
	EndGlobalSection
	GlobalSection(SolutionProperties) = preSolution
		HideSolutionNode = FALSE
	EndGlobalSection
	GlobalSection(ExtensibilityGlobals) = postSolution
		SolutionGuid = {BF118337-86F4-4688-B0FE-4384B71660D9}
	EndGlobalSection
EndGlobal
